
Microsoft Visual Studio Solution File, Format Version 12.00
Project("{FAE04EC0-301F-11D3-BF4B-00C04F79EFBC}") = "NiceNumber", "NiceNumber\NiceNumber.csproj", "{C6EC661B-A2ED-498C-8118-A857AFBFA95B}"
EndProject
Project("{FAE04EC0-301F-11D3-BF4B-00C04F79EFBC}") = "NiceNumber.UnitTests", "NiceNumber.UnitTests\NiceNumber.UnitTests.csproj", "{A7CCB007-2D94-4830-9C99-BF5AA0D9B028}"
EndProject
Project("{FAE04EC0-301F-11D3-BF4B-00C04F79EFBC}") = "NiceNumber.Core", "NiceNumber.Core\NiceNumber.Core.csproj", "{26C8CC55-1192-47EC-8BB6-025640A2CBD1}"
EndProject
Project("{FAE04EC0-301F-11D3-BF4B-00C04F79EFBC}") = "NiceNumber.Web", "NiceNumber.Web\NiceNumber.Web.csproj", "{6292B12F-243A-4BF4-B635-26C1EA492A30}"
EndProject
Project("{FAE04EC0-301F-11D3-BF4B-00C04F79EFBC}") = "NiceNumber.Domain", "NiceNumber.Domain\NiceNumber.Domain.csproj", "{23703234-1EE4-457B-82FA-63A844DA907C}"
EndProject
Project("{FAE04EC0-301F-11D3-BF4B-00C04F79EFBC}") = "NiceNumber.Services", "NiceNumber.Services\NiceNumber.Services.csproj", "{3DF21908-47A6-4298-A569-82B04F62D189}"
EndProject
Global
	GlobalSection(SolutionConfigurationPlatforms) = preSolution
		Debug|Any CPU = Debug|Any CPU
		Release|Any CPU = Release|Any CPU
	EndGlobalSection
	GlobalSection(ProjectConfigurationPlatforms) = postSolution
		{C6EC661B-A2ED-498C-8118-A857AFBFA95B}.Debug|Any CPU.ActiveCfg = Debug|Any CPU
		{C6EC661B-A2ED-498C-8118-A857AFBFA95B}.Debug|Any CPU.Build.0 = Debug|Any CPU
		{C6EC661B-A2ED-498C-8118-A857AFBFA95B}.Release|Any CPU.ActiveCfg = Release|Any CPU
		{C6EC661B-A2ED-498C-8118-A857AFBFA95B}.Release|Any CPU.Build.0 = Release|Any CPU
		{A7CCB007-2D94-4830-9C99-BF5AA0D9B028}.Debug|Any CPU.ActiveCfg = Debug|Any CPU
		{A7CCB007-2D94-4830-9C99-BF5AA0D9B028}.Debug|Any CPU.Build.0 = Debug|Any CPU
		{A7CCB007-2D94-4830-9C99-BF5AA0D9B028}.Release|Any CPU.ActiveCfg = Release|Any CPU
		{A7CCB007-2D94-4830-9C99-BF5AA0D9B028}.Release|Any CPU.Build.0 = Release|Any CPU
		{26C8CC55-1192-47EC-8BB6-025640A2CBD1}.Debug|Any CPU.ActiveCfg = Debug|Any CPU
		{26C8CC55-1192-47EC-8BB6-025640A2CBD1}.Debug|Any CPU.Build.0 = Debug|Any CPU
		{26C8CC55-1192-47EC-8BB6-025640A2CBD1}.Release|Any CPU.ActiveCfg = Release|Any CPU
		{26C8CC55-1192-47EC-8BB6-025640A2CBD1}.Release|Any CPU.Build.0 = Release|Any CPU
		{6292B12F-243A-4BF4-B635-26C1EA492A30}.Debug|Any CPU.ActiveCfg = Debug|Any CPU
		{6292B12F-243A-4BF4-B635-26C1EA492A30}.Debug|Any CPU.Build.0 = Debug|Any CPU
		{6292B12F-243A-4BF4-B635-26C1EA492A30}.Release|Any CPU.ActiveCfg = Release|Any CPU
		{6292B12F-243A-4BF4-B635-26C1EA492A30}.Release|Any CPU.Build.0 = Release|Any CPU
		{23703234-1EE4-457B-82FA-63A844DA907C}.Debug|Any CPU.ActiveCfg = Debug|Any CPU
		{23703234-1EE4-457B-82FA-63A844DA907C}.Debug|Any CPU.Build.0 = Debug|Any CPU
		{23703234-1EE4-457B-82FA-63A844DA907C}.Release|Any CPU.ActiveCfg = Release|Any CPU
		{23703234-1EE4-457B-82FA-63A844DA907C}.Release|Any CPU.Build.0 = Release|Any CPU
		{3DF21908-47A6-4298-A569-82B04F62D189}.Debug|Any CPU.ActiveCfg = Debug|Any CPU
		{3DF21908-47A6-4298-A569-82B04F62D189}.Debug|Any CPU.Build.0 = Debug|Any CPU
		{3DF21908-47A6-4298-A569-82B04F62D189}.Release|Any CPU.ActiveCfg = Release|Any CPU
		{3DF21908-47A6-4298-A569-82B04F62D189}.Release|Any CPU.Build.0 = Release|Any CPU
	EndGlobalSection
EndGlobal
